<?xml version="1.0" encoding="utf-8"?>
<Project ToolsVersion="4.0" xmlns="http://schemas.microsoft.com/developer/msbuild/2003">
  <ItemGroup>
    <Filter Include="HyperionStyleChecker">
      <UniqueIdentifier>{fb53a523-9042-413a-8efa-c179a7cc7c3c}</UniqueIdentifier>
    </Filter>
    <Filter Include="HyperionStyleChecker\Check">
      <UniqueIdentifier>{5c6dbf42-4533-41a6-bcf6-1f459f6aee89}</UniqueIdentifier>
    </Filter>
    <Filter Include="HyperionStyleChecker\DOM">
      <UniqueIdentifier>{c977843f-96d8-4b66-a827-14e90adfb259}</UniqueIdentifier>
    </Filter>
    <Filter Include="HyperionStyleChecker\Main">
      <UniqueIdentifier>{696d29aa-7b36-40f7-a2d1-dc4e6039fb25}</UniqueIdentifier>
    </Filter>
    <Filter Include="HyperionStyleChecker\DOM\AST">
      <UniqueIdentifier>{ed0090fc-22a0-4c5b-9670-873eb4f18118}</UniqueIdentifier>
    </Filter>
    <Filter Include="HyperionStyleChecker\Check\Checks">
      <UniqueIdentifier>{c5fe12ed-6128-40e2-83b0-4bf6425a3321}</UniqueIdentifier>
    </Filter>
    <Filter Include="HyperionStyleChecker\Check\Checks\BlockingChecks">
      <UniqueIdentifier>{5dbc2683-2765-47b6-88e3-3d4f67902d7a}</UniqueIdentifier>
    </Filter>
    <Filter Include="HyperionStyleChecker\Check\Checks\NamingChecks">
      <UniqueIdentifier>{ffa9e8f1-6587-4793-a33c-febdb6421763}</UniqueIdentifier>
    </Filter>
    <Filter Include="HyperionStyleChecker\Check\Checks\SpacingChecks">
      <UniqueIdentifier>{e056b44a-49c3-41af-923f-3706a6fd30f3}</UniqueIdentifier>
    </Filter>
    <Filter Include="HyperionStyleChecker\Module">
      <UniqueIdentifier>{4944b656-0bc6-4b89-9179-8e654755d8f3}</UniqueIdentifier>
    </Filter>
    <Filter Include="HyperionStyleChecker\StyleChecker">
      <UniqueIdentifier>{3c48087f-c1c2-4135-b267-0f680a4b86df}</UniqueIdentifier>
    </Filter>
  </ItemGroup>
  <ItemGroup>
    <ClCompile Include="..\..\..\..\Source\HyperionStyleChecker\Main\DllMain.cpp">
      <Filter>HyperionStyleChecker\Main</Filter>
    </ClCompile>
    <ClCompile Include="..\..\..\..\Source\HyperionStyleChecker\DOM\HnParsedFile.cpp">
      <Filter>HyperionStyleChecker\DOM</Filter>
    </ClCompile>
    <ClCompile Include="..\..\..\..\Source\HyperionStyleChecker\DOM\HnParser.cpp">
      <Filter>HyperionStyleChecker\DOM</Filter>
    </ClCompile>
    <ClCompile Include="..\..\..\..\Source\HyperionStyleChecker\DOM\HnParseSourceTask.cpp">
      <Filter>HyperionStyleChecker\DOM</Filter>
    </ClCompile>
    <ClCompile Include="..\..\..\..\Source\HyperionStyleChecker\DOM\AST\HnAccessQualifier.cpp">
      <Filter>HyperionStyleChecker\DOM\AST</Filter>
    </ClCompile>
    <ClCompile Include="..\..\..\..\Source\HyperionStyleChecker\DOM\AST\HnClassDef.cpp">
      <Filter>HyperionStyleChecker\DOM\AST</Filter>
    </ClCompile>
    <ClCompile Include="..\..\..\..\Source\HyperionStyleChecker\DOM\AST\HnFunctionDef.cpp">
      <Filter>HyperionStyleChecker\DOM\AST</Filter>
    </ClCompile>
    <ClCompile Include="..\..\..\..\Source\HyperionStyleChecker\DOM\AST\HnMemberFunctionDef.cpp">
      <Filter>HyperionStyleChecker\DOM\AST</Filter>
    </ClCompile>
    <ClCompile Include="..\..\..\..\Source\HyperionStyleChecker\DOM\AST\HnMemberVariableDef.cpp">
      <Filter>HyperionStyleChecker\DOM\AST</Filter>
    </ClCompile>
    <ClCompile Include="..\..\..\..\Source\HyperionStyleChecker\DOM\AST\HnVariableDef.cpp">
      <Filter>HyperionStyleChecker\DOM\AST</Filter>
    </ClCompile>
    <ClCompile Include="..\..\..\..\Source\HyperionStyleChecker\Check\CheckFactory.cpp">
      <Filter>HyperionStyleChecker\Check</Filter>
    </ClCompile>
    <ClCompile Include="..\..\..\..\Source\HyperionStyleChecker\Check\CheckSourceTask.cpp">
      <Filter>HyperionStyleChecker\Check</Filter>
    </ClCompile>
    <ClCompile Include="..\..\..\..\Source\HyperionStyleChecker\Module\HyperionStyleCheckerModule.cpp">
      <Filter>HyperionStyleChecker\Module</Filter>
    </ClCompile>
    <ClCompile Include="..\..\..\..\Source\HyperionStyleChecker\StyleChecker\StyleChecker.cpp">
      <Filter>HyperionStyleChecker\StyleChecker</Filter>
    </ClCompile>
  </ItemGroup>
  <ItemGroup>
    <ClInclude Include="..\..\..\..\Source\HyperionStyleChecker\DOM\HnParsedFile.h">
      <Filter>HyperionStyleChecker\DOM</Filter>
    </ClInclude>
    <ClInclude Include="..\..\..\..\Source\HyperionStyleChecker\DOM\HnParser.h">
      <Filter>HyperionStyleChecker\DOM</Filter>
    </ClInclude>
    <ClInclude Include="..\..\..\..\Source\HyperionStyleChecker\DOM\HnParseSourceTask.h">
      <Filter>HyperionStyleChecker\DOM</Filter>
    </ClInclude>
    <ClInclude Include="..\..\..\..\Source\HyperionStyleChecker\DOM\AST\HnAccessQualifier.h">
      <Filter>HyperionStyleChecker\DOM\AST</Filter>
    </ClInclude>
    <ClInclude Include="..\..\..\..\Source\HyperionStyleChecker\DOM\AST\HnClassDef.h">
      <Filter>HyperionStyleChecker\DOM\AST</Filter>
    </ClInclude>
    <ClInclude Include="..\..\..\..\Source\HyperionStyleChecker\DOM\AST\HnFunctionDef.h">
      <Filter>HyperionStyleChecker\DOM\AST</Filter>
    </ClInclude>
    <ClInclude Include="..\..\..\..\Source\HyperionStyleChecker\DOM\AST\HnMemberFunctionDef.h">
      <Filter>HyperionStyleChecker\DOM\AST</Filter>
    </ClInclude>
    <ClInclude Include="..\..\..\..\Source\HyperionStyleChecker\DOM\AST\HnMemberVariableDef.h">
      <Filter>HyperionStyleChecker\DOM\AST</Filter>
    </ClInclude>
    <ClInclude Include="..\..\..\..\Source\HyperionStyleChecker\DOM\AST\HnVariableDef.h">
      <Filter>HyperionStyleChecker\DOM\AST</Filter>
    </ClInclude>
    <ClInclude Include="..\..\..\..\Source\HyperionStyleChecker\Check\CheckFactory.h">
      <Filter>HyperionStyleChecker\Check</Filter>
    </ClInclude>
    <ClInclude Include="..\..\..\..\Source\HyperionStyleChecker\Check\CheckResult.h">
      <Filter>HyperionStyleChecker\Check</Filter>
    </ClInclude>
    <ClInclude Include="..\..\..\..\Source\HyperionStyleChecker\Check\CheckSourceResult.h">
      <Filter>HyperionStyleChecker\Check</Filter>
    </ClInclude>
    <ClInclude Include="..\..\..\..\Source\HyperionStyleChecker\Check\CheckSourceTask.h">
      <Filter>HyperionStyleChecker\Check</Filter>
    </ClInclude>
    <ClInclude Include="..\..\..\..\Source\HyperionStyleChecker\Check\Checks\ICheck.h">
      <Filter>HyperionStyleChecker\Check\Checks</Filter>
    </ClInclude>
    <ClInclude Include="..\..\..\..\Source\HyperionStyleChecker\Check\Checks\BlockingChecks\ClassDeclarationGroupingCheck.hpp">
      <Filter>HyperionStyleChecker\Check\Checks\BlockingChecks</Filter>
    </ClInclude>
    <ClInclude Include="..\..\..\..\Source\HyperionStyleChecker\Check\Checks\BlockingChecks\DefineGroupingCheck.hpp">
      <Filter>HyperionStyleChecker\Check\Checks\BlockingChecks</Filter>
    </ClInclude>
    <ClInclude Include="..\..\..\..\Source\HyperionStyleChecker\Check\Checks\BlockingChecks\IncludeGroupingCheck.hpp">
      <Filter>HyperionStyleChecker\Check\Checks\BlockingChecks</Filter>
    </ClInclude>
    <ClInclude Include="..\..\..\..\Source\HyperionStyleChecker\Check\Checks\BlockingChecks\UsingGroupingCheck.hpp">
      <Filter>HyperionStyleChecker\Check\Checks\BlockingChecks</Filter>
    </ClInclude>
    <ClInclude Include="..\..\..\..\Source\HyperionStyleChecker\Check\Checks\NamingChecks\ClassNamingCheck.hpp">
      <Filter>HyperionStyleChecker\Check\Checks\NamingChecks</Filter>
    </ClInclude>
    <ClInclude Include="..\..\..\..\Source\HyperionStyleChecker\Check\Checks\NamingChecks\FunctionNamingCheck.hpp">
      <Filter>HyperionStyleChecker\Check\Checks\NamingChecks</Filter>
    </ClInclude>
    <ClInclude Include="..\..\..\..\Source\HyperionStyleChecker\Check\Checks\NamingChecks\GlobalVariableNamingCheck.hpp">
      <Filter>HyperionStyleChecker\Check\Checks\NamingChecks</Filter>
    </ClInclude>
    <ClInclude Include="..\..\..\..\Source\HyperionStyleChecker\Check\Checks\NamingChecks\MemberFunctionNamingCheck.hpp">
      <Filter>HyperionStyleChecker\Check\Checks\NamingChecks</Filter>
    </ClInclude>
    <ClInclude Include="..\..\..\..\Source\HyperionStyleChecker\Check\Checks\NamingChecks\PrivateMemberVariableNamingCheck.hpp">
      <Filter>HyperionStyleChecker\Check\Checks\NamingChecks</Filter>
    </ClInclude>
    <ClInclude Include="..\..\..\..\Source\HyperionStyleChecker\Check\Checks\NamingChecks\ProtectedMemberVariableNamingCheck.hpp">
      <Filter>HyperionStyleChecker\Check\Checks\NamingChecks</Filter>
    </ClInclude>
    <ClInclude Include="..\..\..\..\Source\HyperionStyleChecker\Check\Checks\NamingChecks\PublicMemberVariableNamingCheck.hpp">
      <Filter>HyperionStyleChecker\Check\Checks\NamingChecks</Filter>
    </ClInclude>
    <ClInclude Include="..\..\..\..\Source\HyperionStyleChecker\Check\Checks\SpacingChecks\FunctionBracesSpacingCheck.hpp">
      <Filter>HyperionStyleChecker\Check\Checks\SpacingChecks</Filter>
    </ClInclude>
    <ClInclude Include="..\..\..\..\Source\HyperionStyleChecker\Check\Checks\SpacingChecks\FunctionBracketsSpacingCheck.hpp">
      <Filter>HyperionStyleChecker\Check\Checks\SpacingChecks</Filter>
    </ClInclude>
    <ClInclude Include="..\..\..\..\Source\HyperionStyleChecker\Module\HyperionStyleCheckerModule.h">
      <Filter>HyperionStyleChecker\Module</Filter>
    </ClInclude>
    <ClInclude Include="..\..\..\..\Source\HyperionStyleChecker\StyleChecker\IStyleChecker.h">
      <Filter>HyperionStyleChecker\StyleChecker</Filter>
    </ClInclude>
    <ClInclude Include="..\..\..\..\Source\HyperionStyleChecker\StyleChecker\StyleChecker.h">
      <Filter>HyperionStyleChecker\StyleChecker</Filter>
    </ClInclude>
  </ItemGroup>
</Project>